# THIS IS AN AUTOGENERATED FILE. DO NOT EDIT THIS FILE DIRECTLY.
# yarn lockfile v1


"@anthropic-ai/sdk@^0.24.3":
  version "0.24.3"
  resolved "https://registry.yarnpkg.com/@anthropic-ai/sdk/-/sdk-0.24.3.tgz#5ac8fbb01bc1ab68d2a92ef124fd42b1cb94c837"
  integrity sha512-916wJXO6T6k8R6BAAcLhLPv/pnLGy7YSEBZXZ1XTFbLcTZE8oTy3oDW9WJf9KKZwMvVcePIfoTSvzXHRcGxkQQ==
  dependencies:
    "@types/node" "^18.11.18"
    "@types/node-fetch" "^2.6.4"
    abort-controller "^3.0.0"
    agentkeepalive "^4.2.1"
    form-data-encoder "1.7.2"
    formdata-node "^4.3.2"
    node-fetch "^2.6.7"
    web-streams-polyfill "^3.2.1"

"@anthropic-ai/sdk@^0.27.3":
  version "0.27.3"
  resolved "https://registry.yarnpkg.com/@anthropic-ai/sdk/-/sdk-0.27.3.tgz#592cdd873c85ffab9589ae6f2e250cbf150e1475"
  integrity sha512-IjLt0gd3L4jlOfilxVXTifn42FnVffMgDC04RJK1KDZpmkBWLv0XC92MVVmkxrFZNS/7l3xWgP/I3nqtX1sQHw==
  dependencies:
    "@types/node" "^18.11.18"
    "@types/node-fetch" "^2.6.4"
    abort-controller "^3.0.0"
    agentkeepalive "^4.2.1"
    form-data-encoder "1.7.2"
    formdata-node "^4.3.2"
    node-fetch "^2.6.7"

"@google/generative-ai@^0.17.1":
  version "0.17.2"
  resolved "https://registry.yarnpkg.com/@google/generative-ai/-/generative-ai-0.17.2.tgz#c5d4456ba64cba950c644da7a75e3d4ce6c97623"
  integrity sha512-TRKwCCqFe8JawNpvwk5FNcE9CQGUUjROiUxpH+uUR46sjLkgsR2v4+clu2axxnzEd9rnMpUNAJriUXeEu0zFBw==

"@graphai/agent_utils@0.0.2":
  version "0.0.2"
  resolved "https://registry.yarnpkg.com/@graphai/agent_utils/-/agent_utils-0.0.2.tgz#c04f9bcbb07a78710e63362ec84008b7153adab4"
  integrity sha512-pAB45O/YQ/vQQoIRNtlgWGTVNn1f1DrpzRj7WzdsAtTOim7gkr6Mjp5QR9Ue+U/xVdgNRDRws6qLm1CYin/VWw==

"@graphai/agents@^0.0.28":
  version "0.0.28"
  resolved "https://registry.yarnpkg.com/@graphai/agents/-/agents-0.0.28.tgz#ab79eb0dc77059f6ab3dc21ebe48948e3b1d59d2"
  integrity sha512-OGfQi1AzATHCvb7IJLZGyAwoqa9BeKPFFZ7MAz3INafw/blcD2gWuiLOB34Y1hf0BWYLnJ63MPbO4QIPdUiJ8w==
  dependencies:
    "@graphai/data_agents" "^0.0.2"
    "@graphai/input_agents" "^0.0.3"
    "@graphai/llm_agents" "^0.0.21"
    "@graphai/service_agents" "^0.0.4"
    "@graphai/sleeper_agents" "^0.0.2"
    "@graphai/vanilla" "^0.0.14"

"@graphai/anthropic_agent@^0.0.7":
  version "0.0.7"
  resolved "https://registry.yarnpkg.com/@graphai/anthropic_agent/-/anthropic_agent-0.0.7.tgz#1a137b2db64addc30e51869dc31a91a32014e69a"
  integrity sha512-nmcw9aqCyYKEBUPu5x9pGwPbQ9nXgxaySinJj8P3xdI6m/Gk16uhz4GcPBsPKAB4DuDncAE3P9nf5wYwTm0eEQ==
  dependencies:
    "@anthropic-ai/sdk" "^0.27.3"
    "@graphai/llm_utils" "^0.0.2"

"@graphai/data_agents@^0.0.2":
  version "0.0.2"
  resolved "https://registry.yarnpkg.com/@graphai/data_agents/-/data_agents-0.0.2.tgz#195ceef45ad8b6e5300318bcc95d420e77912515"
  integrity sha512-7QTANNSzy2/GtFn4L6npkI5WJnHseYUgodgAzHbicWplLSoZStiKsLsa0eLy9cSwT4GW/0hKTX/Bo4R5RP2dJg==
  dependencies:
    deepmerge "^4.3.1"

"@graphai/gemini_agent@^0.0.5":
  version "0.0.5"
  resolved "https://registry.yarnpkg.com/@graphai/gemini_agent/-/gemini_agent-0.0.5.tgz#ba28ca0b239dd94c6d210d753d8839256a22dde9"
  integrity sha512-t/cbJ5zet2Cz5et3hzs+60Gbf5HOaK+D3ZsS9KoCgqAc+QnRgQ7wDby5sTDlTZgBayBRHeIJMD8HS0G7sLvKGQ==
  dependencies:
    "@google/generative-ai" "^0.17.1"
    "@graphai/llm_utils" "^0.0.2"

"@graphai/groq_agent@^0.0.7":
  version "0.0.7"
  resolved "https://registry.yarnpkg.com/@graphai/groq_agent/-/groq_agent-0.0.7.tgz#f51a9b5cc940f981775ffef60c608e5caeb46c8f"
  integrity sha512-CFsdLNaZdq3em3eLGGtdLCL68ZpaCmX4NIFlNmrqfv4lnu0IHfraRo6C96O7sNhmyG9eIDKKXl4NnDdR2kY9JQ==
  dependencies:
    "@graphai/llm_utils" "^0.0.2"
    groq-sdk "^0.7.0"

"@graphai/input_agents@^0.0.3":
  version "0.0.3"
  resolved "https://registry.yarnpkg.com/@graphai/input_agents/-/input_agents-0.0.3.tgz#a7627735b2e11b670a8f95bf6858dea8ad98def7"
  integrity sha512-6aEJ+lEpqK8j97HBfUV66EWkRDNOpLL9EzL/+QOtDN9bvWzv8reWdWmnGUcRklJoorqnP3mEYaHp42jb0X2CkA==
  dependencies:
    "@inquirer/prompts" "^5.0.0"

"@graphai/llm_agents@^0.0.21":
  version "0.0.21"
  resolved "https://registry.yarnpkg.com/@graphai/llm_agents/-/llm_agents-0.0.21.tgz#1aa3b2c34b0e6bc83adc5c98d589abd6d6727991"
  integrity sha512-WX15MyKTuDLZwp/UxMV9rEUf6XK3kLTJzJqD1fEqOyJ4F2q3OKiAOPYIq1MtkoiUd3l8YDFjrdWEjYHowqk7Iw==
  dependencies:
    "@graphai/anthropic_agent" "^0.0.7"
    "@graphai/gemini_agent" "^0.0.5"
    "@graphai/groq_agent" "^0.0.7"
    "@graphai/openai_agent" "^0.0.9"
    "@graphai/replicate_agent" "^0.0.3"
    "@graphai/slashgpt_agent" "^0.0.5"
    tiktoken "^1.0.16"

"@graphai/llm_utils@^0.0.2":
  version "0.0.2"
  resolved "https://registry.yarnpkg.com/@graphai/llm_utils/-/llm_utils-0.0.2.tgz#3923a225c2a5063f81bc2d89111a8a2f4bbdcb4f"
  integrity sha512-V8mFEgPjnyS6PVdiIo5ug4WExgTh4qJcqkuqJ2iyFkRJgWL+R4IF/MRxt0BVgVjpOwjeXjzYkRYhJZ6GD6xIdg==

"@graphai/openai_agent@^0.0.9":
  version "0.0.9"
  resolved "https://registry.yarnpkg.com/@graphai/openai_agent/-/openai_agent-0.0.9.tgz#a611c5610be4158d48e9d4248d763a38b8c5ace0"
  integrity sha512-wj0VmApfehBOF703BCm2mJPmJdNxRTQVMvmOyDiuW1mVK/3Ly9C4+ct0lc5aKZVbv3YmsUS2rGr+0uMlYAIMaQ==
  dependencies:
    "@graphai/llm_utils" "^0.0.2"
    openai "^4.61.0"
    tiktoken "^1.0.16"

"@graphai/replicate_agent@^0.0.3":
  version "0.0.3"
  resolved "https://registry.yarnpkg.com/@graphai/replicate_agent/-/replicate_agent-0.0.3.tgz#f0920aa87ab5ac3caaa2ce9f2851ee4d9ceaf421"
  integrity sha512-3bR8FCT2ZiI6jQ0xkdWs3B4t55b/ROBHQ0LhEiFjFjq4hVoFmBsZunPhL2koDOpYECVeQwx7wiEq5RMqvEAiMw==
  dependencies:
    "@graphai/llm_utils" "^0.0.2"
    replicate "^0.32.1"
    tiktoken "^1.0.16"

"@graphai/service_agents@^0.0.4":
  version "0.0.4"
  resolved "https://registry.yarnpkg.com/@graphai/service_agents/-/service_agents-0.0.4.tgz#daeaefc902be85d8096e6ab99966c381312f4692"
  integrity sha512-3A3kcBrugXvP5LzhqsPUsr5t+xtqgcjBRU7bcRnKj6XG/1YANXMNyCVUi2txUHON/lmRSQAPh2TSQQb2sFoZxw==
  dependencies:
    "@types/xml2js" "^0.4.14"
    deepmerge "^4.3.1"
    wikipedia "^2.1.2"
    xml2js "^0.6.2"

"@graphai/slashgpt_agent@^0.0.5":
  version "0.0.5"
  resolved "https://registry.yarnpkg.com/@graphai/slashgpt_agent/-/slashgpt_agent-0.0.5.tgz#c29465cf02e2a5822e06f6e7a2878506df6e3e6b"
  integrity sha512-QN0BEFrQttbssQTYTpQJNjj/kPBFkKAPvf74OeEIUl/Mf9S1zrC/daKUbVNZ0oAQlfn4jTfKfsFvD6SYFj0USg==
  dependencies:
    slashgpt "^0.1.4"

"@graphai/sleeper_agents@^0.0.2":
  version "0.0.2"
  resolved "https://registry.yarnpkg.com/@graphai/sleeper_agents/-/sleeper_agents-0.0.2.tgz#1c7c8c75f8d02f6bf57209acf0b713dbc6f1f2f6"
  integrity sha512-i1kUwGgGdCK0hUTuzgPdN9R3HyIp611KgnUjOn3Yuh8jcL5oPTGy45ROCGoiZsalAe3jrJYHb/LyhfCxGNq1ug==
  dependencies:
    deepmerge "^4.3.1"

"@graphai/vanilla@^0.0.14":
  version "0.0.14"
  resolved "https://registry.yarnpkg.com/@graphai/vanilla/-/vanilla-0.0.14.tgz#524e1d307726b6addce1963b70ad529666698768"
  integrity sha512-c/rvY3opbTx2kB4fr16iVPasYLRjDItq8ioTWLS5lNweYeUAvvRMxbUFN/kmCWhxBAeV0vQyGeqMVs8prfPSfw==
  dependencies:
    "@graphai/agent_utils" "0.0.2"

"@graphql-typed-document-node/core@^3.2.0":
  version "3.2.0"
  resolved "https://registry.yarnpkg.com/@graphql-typed-document-node/core/-/core-3.2.0.tgz#5f3d96ec6b2354ad6d8a28bf216a1d97b5426861"
  integrity sha512-mB9oAsNCm9aM3/SOv4YtBMqZbYj10R7dkq8byBqxGY/ncFwhf2oQzMV+LCRlWoDSEBJ3COiR1yeDvMtsoOsuFQ==

"@huggingface/inference@^2.7.0":
  version "2.8.1"
  resolved "https://registry.yarnpkg.com/@huggingface/inference/-/inference-2.8.1.tgz#e119a7746faf5ce40ebf37ec97afd51286c27ecb"
  integrity sha512-EfsNtY9OR6JCNaUa5bZu2mrs48iqeTz0Gutwf+fU0Kypx33xFQB4DKMhp8u4Ee6qVbLbNWvTHuWwlppLQl4p4Q==
  dependencies:
    "@huggingface/tasks" "^0.12.9"

"@huggingface/tasks@^0.12.9":
  version "0.12.21"
  resolved "https://registry.yarnpkg.com/@huggingface/tasks/-/tasks-0.12.21.tgz#bb15ddb0610c9d3133ce2945707b9629ebcb9aa1"
  integrity sha512-Sq2ZWhamRTwmkDuCle4STIZbeEnbdyC1bRE+6wM6UgYhfK7NG1WFbjQjftObQIfxKHv//+Q+x3iBFb3P9vmDjA==

"@inquirer/checkbox@^2.5.0":
  version "2.5.0"
  resolved "https://registry.yarnpkg.com/@inquirer/checkbox/-/checkbox-2.5.0.tgz#41c5c9dd332c0a8fa159be23982ce080d0b199d4"
  integrity sha512-sMgdETOfi2dUHT8r7TT1BTKOwNvdDGFDXYWtQ2J69SvlYNntk9I/gJe7r5yvMwwsuKnYbuRs3pNhx4tgNck5aA==
  dependencies:
    "@inquirer/core" "^9.1.0"
    "@inquirer/figures" "^1.0.5"
    "@inquirer/type" "^1.5.3"
    ansi-escapes "^4.3.2"
    yoctocolors-cjs "^2.1.2"

"@inquirer/confirm@^3.2.0":
  version "3.2.0"
  resolved "https://registry.yarnpkg.com/@inquirer/confirm/-/confirm-3.2.0.tgz#6af1284670ea7c7d95e3f1253684cfbd7228ad6a"
  integrity sha512-oOIwPs0Dvq5220Z8lGL/6LHRTEr9TgLHmiI99Rj1PJ1p1czTys+olrgBqZk4E2qC0YTzeHprxSQmoHioVdJ7Lw==
  dependencies:
    "@inquirer/core" "^9.1.0"
    "@inquirer/type" "^1.5.3"

"@inquirer/core@^9.1.0":
  version "9.2.1"
  resolved "https://registry.yarnpkg.com/@inquirer/core/-/core-9.2.1.tgz#677c49dee399c9063f31e0c93f0f37bddc67add1"
  integrity sha512-F2VBt7W/mwqEU4bL0RnHNZmC/OxzNx9cOYxHqnXX3MP6ruYvZUZAW9imgN9+h/uBT/oP8Gh888J2OZSbjSeWcg==
  dependencies:
    "@inquirer/figures" "^1.0.6"
    "@inquirer/type" "^2.0.0"
    "@types/mute-stream" "^0.0.4"
    "@types/node" "^22.5.5"
    "@types/wrap-ansi" "^3.0.0"
    ansi-escapes "^4.3.2"
    cli-width "^4.1.0"
    mute-stream "^1.0.0"
    signal-exit "^4.1.0"
    strip-ansi "^6.0.1"
    wrap-ansi "^6.2.0"
    yoctocolors-cjs "^2.1.2"

"@inquirer/editor@^2.2.0":
  version "2.2.0"
  resolved "https://registry.yarnpkg.com/@inquirer/editor/-/editor-2.2.0.tgz#a41eb7b151bd9a6bc3c0b69219d02d82547bc387"
  integrity sha512-9KHOpJ+dIL5SZli8lJ6xdaYLPPzB8xB9GZItg39MBybzhxA16vxmszmQFrRwbOA918WA2rvu8xhDEg/p6LXKbw==
  dependencies:
    "@inquirer/core" "^9.1.0"
    "@inquirer/type" "^1.5.3"
    external-editor "^3.1.0"

"@inquirer/expand@^2.3.0":
  version "2.3.0"
  resolved "https://registry.yarnpkg.com/@inquirer/expand/-/expand-2.3.0.tgz#afc44aee303315a85563e9d0275e658f0ee0e701"
  integrity sha512-qnJsUcOGCSG1e5DTOErmv2BPQqrtT6uzqn1vI/aYGiPKq+FgslGZmtdnXbhuI7IlT7OByDoEEqdnhUnVR2hhLw==
  dependencies:
    "@inquirer/core" "^9.1.0"
    "@inquirer/type" "^1.5.3"
    yoctocolors-cjs "^2.1.2"

"@inquirer/figures@^1.0.5", "@inquirer/figures@^1.0.6":
  version "1.0.7"
  resolved "https://registry.yarnpkg.com/@inquirer/figures/-/figures-1.0.7.tgz#d050ccc0eabfacc0248c4ff647a9dfba1b01594b"
  integrity sha512-m+Trk77mp54Zma6xLkLuY+mvanPxlE4A7yNKs2HBiyZ4UkVs28Mv5c/pgWrHeInx+USHeX/WEPzjrWrcJiQgjw==

"@inquirer/input@^2.3.0":
  version "2.3.0"
  resolved "https://registry.yarnpkg.com/@inquirer/input/-/input-2.3.0.tgz#9b99022f53780fecc842908f3f319b52a5a16865"
  integrity sha512-XfnpCStx2xgh1LIRqPXrTNEEByqQWoxsWYzNRSEUxJ5c6EQlhMogJ3vHKu8aXuTacebtaZzMAHwEL0kAflKOBw==
  dependencies:
    "@inquirer/core" "^9.1.0"
    "@inquirer/type" "^1.5.3"

"@inquirer/number@^1.1.0":
  version "1.1.0"
  resolved "https://registry.yarnpkg.com/@inquirer/number/-/number-1.1.0.tgz#4dac004021ea67c89552a261564f103a494cac96"
  integrity sha512-ilUnia/GZUtfSZy3YEErXLJ2Sljo/mf9fiKc08n18DdwdmDbOzRcTv65H1jjDvlsAuvdFXf4Sa/aL7iw/NanVA==
  dependencies:
    "@inquirer/core" "^9.1.0"
    "@inquirer/type" "^1.5.3"

"@inquirer/password@^2.2.0":
  version "2.2.0"
  resolved "https://registry.yarnpkg.com/@inquirer/password/-/password-2.2.0.tgz#0b6f26336c259c8a9e5f5a3f2e1a761564f764ba"
  integrity sha512-5otqIpgsPYIshqhgtEwSspBQE40etouR8VIxzpJkv9i0dVHIpyhiivbkH9/dGiMLdyamT54YRdGJLfl8TFnLHg==
  dependencies:
    "@inquirer/core" "^9.1.0"
    "@inquirer/type" "^1.5.3"
    ansi-escapes "^4.3.2"

"@inquirer/prompts@^5.0.0":
  version "5.5.0"
  resolved "https://registry.yarnpkg.com/@inquirer/prompts/-/prompts-5.5.0.tgz#5805aa15a13180017829aa31d071fd37a43b735d"
  integrity sha512-BHDeL0catgHdcHbSFFUddNzvx/imzJMft+tWDPwTm3hfu8/tApk1HrooNngB2Mb4qY+KaRWF+iZqoVUPeslEog==
  dependencies:
    "@inquirer/checkbox" "^2.5.0"
    "@inquirer/confirm" "^3.2.0"
    "@inquirer/editor" "^2.2.0"
    "@inquirer/expand" "^2.3.0"
    "@inquirer/input" "^2.3.0"
    "@inquirer/number" "^1.1.0"
    "@inquirer/password" "^2.2.0"
    "@inquirer/rawlist" "^2.3.0"
    "@inquirer/search" "^1.1.0"
    "@inquirer/select" "^2.5.0"

"@inquirer/rawlist@^2.3.0":
  version "2.3.0"
  resolved "https://registry.yarnpkg.com/@inquirer/rawlist/-/rawlist-2.3.0.tgz#6b2c0da39c1cd855af5608b2d627681cdac7277d"
  integrity sha512-zzfNuINhFF7OLAtGHfhwOW2TlYJyli7lOUoJUXw/uyklcwalV6WRXBXtFIicN8rTRK1XTiPWB4UY+YuW8dsnLQ==
  dependencies:
    "@inquirer/core" "^9.1.0"
    "@inquirer/type" "^1.5.3"
    yoctocolors-cjs "^2.1.2"

"@inquirer/search@^1.1.0":
  version "1.1.0"
  resolved "https://registry.yarnpkg.com/@inquirer/search/-/search-1.1.0.tgz#665928cac2326b9501ddafbb8606ce4823b3106b"
  integrity sha512-h+/5LSj51dx7hp5xOn4QFnUaKeARwUCLs6mIhtkJ0JYPBLmEYjdHSYh7I6GrLg9LwpJ3xeX0FZgAG1q0QdCpVQ==
  dependencies:
    "@inquirer/core" "^9.1.0"
    "@inquirer/figures" "^1.0.5"
    "@inquirer/type" "^1.5.3"
    yoctocolors-cjs "^2.1.2"

"@inquirer/select@^2.5.0":
  version "2.5.0"
  resolved "https://registry.yarnpkg.com/@inquirer/select/-/select-2.5.0.tgz#345c6908ecfaeef3d84ddd2f9feb2f487c558efb"
  integrity sha512-YmDobTItPP3WcEI86GvPo+T2sRHkxxOq/kXmsBjHS5BVXUgvgZ5AfJjkvQvZr03T81NnI3KrrRuMzeuYUQRFOA==
  dependencies:
    "@inquirer/core" "^9.1.0"
    "@inquirer/figures" "^1.0.5"
    "@inquirer/type" "^1.5.3"
    ansi-escapes "^4.3.2"
    yoctocolors-cjs "^2.1.2"

"@inquirer/type@^1.5.3":
  version "1.5.5"
  resolved "https://registry.yarnpkg.com/@inquirer/type/-/type-1.5.5.tgz#303ea04ce7ad2e585b921b662b3be36ef7b4f09b"
  integrity sha512-MzICLu4yS7V8AA61sANROZ9vT1H3ooca5dSmI1FjZkzq7o/koMsRfQSzRtFo+F3Ao4Sf1C0bpLKejpKB/+j6MA==
  dependencies:
    mute-stream "^1.0.0"

"@inquirer/type@^2.0.0":
  version "2.0.0"
  resolved "https://registry.yarnpkg.com/@inquirer/type/-/type-2.0.0.tgz#08fa513dca2cb6264fe1b0a2fabade051444e3f6"
  integrity sha512-XvJRx+2KR3YXyYtPUUy+qd9i7p+GO9Ko6VIIpWlBrpWwXDv8WLFeHTxz35CfQFUiBMLXlGHhGzys7lqit9gWag==
  dependencies:
    mute-stream "^1.0.0"

"@types/fluent-ffmpeg@^2.1.26":
  version "2.1.26"
  resolved "https://registry.yarnpkg.com/@types/fluent-ffmpeg/-/fluent-ffmpeg-2.1.26.tgz#b3d5353527269eb2fc4e90b3014e51d9c210caab"
  integrity sha512-0JVF3wdQG+pN0ImwWD0bNgJiKF2OHg/7CDBHw5UIbRTvlnkgGHK6V5doE54ltvhud4o31/dEiHm23CAlxFiUQg==
  dependencies:
    "@types/node" "*"

"@types/mute-stream@^0.0.4":
  version "0.0.4"
  resolved "https://registry.yarnpkg.com/@types/mute-stream/-/mute-stream-0.0.4.tgz#77208e56a08767af6c5e1237be8888e2f255c478"
  integrity sha512-CPM9nzrCPPJHQNA9keH9CVkVI+WR5kMa+7XEs5jcGQ0VoAGnLv242w8lIVgwAEfmE4oufJRaTc9PNLQl0ioAow==
  dependencies:
    "@types/node" "*"

"@types/node-fetch@^2.6.4":
  version "2.6.11"
  resolved "https://registry.yarnpkg.com/@types/node-fetch/-/node-fetch-2.6.11.tgz#9b39b78665dae0e82a08f02f4967d62c66f95d24"
  integrity sha512-24xFj9R5+rfQJLRyM56qh+wnVSYhyXC2tkoBndtY0U+vubqNsYXGjufB2nn8Q6gt0LrARwL6UBtMCSVCwl4B1g==
  dependencies:
    "@types/node" "*"
    form-data "^4.0.0"

"@types/node@*", "@types/node@^22.5.5":
  version "22.7.5"
  resolved "https://registry.yarnpkg.com/@types/node/-/node-22.7.5.tgz#cfde981727a7ab3611a481510b473ae54442b92b"
  integrity sha512-jML7s2NAzMWc//QSJ1a3prpk78cOPchGvXJsC3C6R6PSMoooztvRVQEz89gmBTBY1SPMaqo5teB4uNHPdetShQ==
  dependencies:
    undici-types "~6.19.2"

"@types/node@^18.11.18":
  version "18.19.55"
  resolved "https://registry.yarnpkg.com/@types/node/-/node-18.19.55.tgz#29c3f8e1485a92ec96636957ddec55aabc6e856e"
  integrity sha512-zzw5Vw52205Zr/nmErSEkN5FLqXPuKX/k5d1D7RKHATGqU7y6YfX9QxZraUzUrFGqH6XzOzG196BC35ltJC4Cw==
  dependencies:
    undici-types "~5.26.4"

"@types/wrap-ansi@^3.0.0":
  version "3.0.0"
  resolved "https://registry.yarnpkg.com/@types/wrap-ansi/-/wrap-ansi-3.0.0.tgz#18b97a972f94f60a679fd5c796d96421b9abb9fd"
  integrity sha512-ltIpx+kM7g/MLRZfkbL7EsCEjfzCcScLpkg37eXEtx5kmrAKBkTJwd1GIAjDSL8wTpM6Hzn5YO4pSb91BEwu1g==

"@types/xml2js@^0.4.14":
  version "0.4.14"
  resolved "https://registry.yarnpkg.com/@types/xml2js/-/xml2js-0.4.14.tgz#5d462a2a7330345e2309c6b549a183a376de8f9a"
  integrity sha512-4YnrRemBShWRO2QjvUin8ESA41rH+9nQGLUGZV/1IDhi3SL9OhdpNC/MrulTWuptXKwhx/aDxE7toV0f/ypIXQ==
  dependencies:
    "@types/node" "*"

abort-controller@^3.0.0:
  version "3.0.0"
  resolved "https://registry.yarnpkg.com/abort-controller/-/abort-controller-3.0.0.tgz#eaf54d53b62bae4138e809ca225c8439a6efb392"
  integrity sha512-h8lQ8tacZYnR3vNQTgibj+tODHI5/+l06Au2Pcriv/Gmet0eaj4TwWH41sO9wnHDiQsEj19q0drzdWdeAHtweg==
  dependencies:
    event-target-shim "^5.0.0"

agentkeepalive@^4.2.1:
  version "4.5.0"
  resolved "https://registry.yarnpkg.com/agentkeepalive/-/agentkeepalive-4.5.0.tgz#2673ad1389b3c418c5a20c5d7364f93ca04be923"
  integrity sha512-5GG/5IbQQpC9FpkRGsSvZI5QYeSCzlJHdpBQntCsuTOxhKD8lqKhrleg2Yi7yvMIf82Ycmmqln9U8V9qwEiJew==
  dependencies:
    humanize-ms "^1.2.1"

ansi-escapes@^4.3.2:
  version "4.3.2"
  resolved "https://registry.yarnpkg.com/ansi-escapes/-/ansi-escapes-4.3.2.tgz#6b2291d1db7d98b6521d5f1efa42d0f3a9feb65e"
  integrity sha512-gKXj5ALrKWQLsYG9jlTRmR/xKluxHV+Z9QEwNIgCfM1/uwPMCuzVVnh5mwTd+OuBZcwSIMbqssNWRm1lE51QaQ==
  dependencies:
    type-fest "^0.21.3"

ansi-regex@^5.0.1:
  version "5.0.1"
  resolved "https://registry.yarnpkg.com/ansi-regex/-/ansi-regex-5.0.1.tgz#082cb2c89c9fe8659a311a53bd6a4dc5301db304"
  integrity sha512-quJQXlTSUGL2LH9SUXo8VwsY4soanhgo6LNSm84E1LBcE8s3O0wpdiRzyR9z/ZZJMlMWv37qOOb9pdJlMUEKFQ==

ansi-styles@^4.0.0:
  version "4.3.0"
  resolved "https://registry.yarnpkg.com/ansi-styles/-/ansi-styles-4.3.0.tgz#edd803628ae71c04c85ae7a0906edad34b648937"
  integrity sha512-zbB9rCJAT1rbjiVDb2hqKFHNYLxgtk8NURxZ3IZwD3F6NtxbXZQCnnSi1Lkx+IDohdPlFp222wVALIheZJQSEg==
  dependencies:
    color-convert "^2.0.1"

async@^0.2.9:
  version "0.2.10"
  resolved "https://registry.yarnpkg.com/async/-/async-0.2.10.tgz#b6bbe0b0674b9d719708ca38de8c237cb526c3d1"
  integrity sha512-eAkdoKxU6/LkKDBzLpT+t6Ff5EtfSF4wx1WfJiPEEV7WNLnDaRXk0oVysiEPm262roaachGexwUv94WhSgN5TQ==

asynckit@^0.4.0:
  version "0.4.0"
  resolved "https://registry.yarnpkg.com/asynckit/-/asynckit-0.4.0.tgz#c79ed97f7f34cb8f2ba1bc9790bcc366474b4b79"
  integrity sha512-Oei9OH4tRh0YqU3GxhX79dM/mwVgvbZJaSNaRk+bshkj0S5cfHcgYakreBjrHwatXKbz+IoIdYLxrKim2MjW0Q==

axios@^1.4.0:
  version "1.7.7"
  resolved "https://registry.yarnpkg.com/axios/-/axios-1.7.7.tgz#2f554296f9892a72ac8d8e4c5b79c14a91d0a47f"
  integrity sha512-S4kL7XrjgBmvdGut0sN3yJxqYzrDOnivkBiN0OFs6hLiUam3UPvswUo0kqGyhqUZGEOytHyumEdXsAkgCOUf3Q==
  dependencies:
    follow-redirects "^1.15.6"
    form-data "^4.0.0"
    proxy-from-env "^1.1.0"

base64-js@^1.3.1:
  version "1.5.1"
  resolved "https://registry.yarnpkg.com/base64-js/-/base64-js-1.5.1.tgz#1b1b440160a5bf7ad40b650f095963481903930a"
  integrity sha512-AKpaYlHn8t4SVbOHCy+b5+KKgvR4vrsD8vbvrbiQJps7fKDTkjkDry6ji0rUJjC0kzbNePLwzxq8iypo41qeWA==

buffer@^6.0.3:
  version "6.0.3"
  resolved "https://registry.yarnpkg.com/buffer/-/buffer-6.0.3.tgz#2ace578459cc8fbe2a70aaa8f52ee63b6a74c6c6"
  integrity sha512-FTiCpNxtwiZZHEZbcbTIcZjERVICn9yq/pDFkTl95/AxzD1naBctN7YO68riM/gLSDY7sdrMby8hofADYuuqOA==
  dependencies:
    base64-js "^1.3.1"
    ieee754 "^1.2.1"

camelcase@^4.1.0:
  version "4.1.0"
  resolved "https://registry.yarnpkg.com/camelcase/-/camelcase-4.1.0.tgz#d545635be1e33c542649c69173e5de6acfae34dd"
  integrity sha512-FxAv7HpHrXbh3aPo4o2qxHay2lkLY3x5Mw3KeE4KQE8ysVfziWeRZDwcjauvwBSGEC/nXUPzZy8zeh4HokqOnw==

chardet@^0.7.0:
  version "0.7.0"
  resolved "https://registry.yarnpkg.com/chardet/-/chardet-0.7.0.tgz#90094849f0937f2eedc2425d0d28a9e5f0cbad9e"
  integrity sha512-mT8iDcrh03qDGRRmoA2hmBJnxpllMR+0/0qlzjqZES6NdiWDcZkCNAk4rPFZ9Q85r27unkiNNg8ZOiwZXBHwcA==

cli-width@^4.1.0:
  version "4.1.0"
  resolved "https://registry.yarnpkg.com/cli-width/-/cli-width-4.1.0.tgz#42daac41d3c254ef38ad8ac037672130173691c5"
  integrity sha512-ouuZd4/dm2Sw5Gmqy6bGyNNNe1qt9RpmxveLSO7KcgsTnU7RXfsw+/bukWGo1abgBiMAic068rclZsO4IWmmxQ==

color-convert@^2.0.1:
  version "2.0.1"
  resolved "https://registry.yarnpkg.com/color-convert/-/color-convert-2.0.1.tgz#72d3a68d598c9bdb3af2ad1e84f21d896abd4de3"
  integrity sha512-RRECPsj7iu/xb5oKYcsFHSppFNnsj/52OVTRKb4zP5onXwVF3zVmmToNcOfGC+CRDpfK/U584fMg38ZHCaElKQ==
  dependencies:
    color-name "~1.1.4"

color-name@~1.1.4:
  version "1.1.4"
  resolved "https://registry.yarnpkg.com/color-name/-/color-name-1.1.4.tgz#c2a09a87acbde69543de6f63fa3995c826c536a2"
  integrity sha512-dOy+3AuW3a2wNbZHIuMZpTcgjGuLU/uBL/ubcZF9OXbDo8ff4O8yVp5Bf0efS8uEoYo5q4Fx7dY9OgQGXgAsQA==

combined-stream@^1.0.8:
  version "1.0.8"
  resolved "https://registry.yarnpkg.com/combined-stream/-/combined-stream-1.0.8.tgz#c3d45a8b34fd730631a110a8a2520682b31d5a7f"
  integrity sha512-FQN4MRfuJeHf7cBbBMJFXhKSDq+2kAArBlmRBvcvFE5BB1HZKXtSFASDhdlz9zOYwxh8lDdnvmMOe/+5cdoEdg==
  dependencies:
    delayed-stream "~1.0.0"

cross-fetch@^3.1.5:
  version "3.1.8"
  resolved "https://registry.yarnpkg.com/cross-fetch/-/cross-fetch-3.1.8.tgz#0327eba65fd68a7d119f8fb2bf9334a1a7956f82"
  integrity sha512-cvA+JwZoU0Xq+h6WkMvAUqPEYy92Obet6UdKLfW60qn99ftItKjB5T+BkyWOFWe2pUyfQ+IJHmpOTznqk1M6Kg==
  dependencies:
    node-fetch "^2.6.12"

deepmerge@^4.3.1:
  version "4.3.1"
  resolved "https://registry.yarnpkg.com/deepmerge/-/deepmerge-4.3.1.tgz#44b5f2147cd3b00d4b56137685966f26fd25dd4a"
  integrity sha512-3sUqbMEc77XqpdNO7FRyRog+eW3ph+GYCbj+rK+uYyRMuwsVy0rMiVtPn+QJlKFvWP/1PYpapqYn0Me2knFn+A==

delayed-stream@~1.0.0:
  version "1.0.0"
  resolved "https://registry.yarnpkg.com/delayed-stream/-/delayed-stream-1.0.0.tgz#df3ae199acadfb7d440aaae0b29e2272b24ec619"
  integrity sha512-ZySD7Nf91aLB0RxL4KGrKHBXl7Eds1DAmEdcoVawXnLD7SDhpNgtuII2aAkg7a7QS41jxPSZ17p4VdGnMHk3MQ==

dotenv@^16.4.5:
  version "16.4.5"
  resolved "https://registry.yarnpkg.com/dotenv/-/dotenv-16.4.5.tgz#cdd3b3b604cb327e286b4762e13502f717cb099f"
  integrity sha512-ZmdL2rui+eB2YwhsWzjInR8LldtZHGDoQ1ugH85ppHKwpUHL7j7rN0Ti9NCnGiQbhaZ11FpR+7ao1dNsmduNUg==

emoji-regex@^8.0.0:
  version "8.0.0"
  resolved "https://registry.yarnpkg.com/emoji-regex/-/emoji-regex-8.0.0.tgz#e818fd69ce5ccfcb404594f842963bf53164cc37"
  integrity sha512-MSjYzcWNOA0ewAHpz0MxpYFvwg6yjy1NG3xteoqz644VCo/RPgnr1/GGt+ic3iJTzQ8Eu3TdM14SawnVUmGE6A==

event-target-shim@^5.0.0:
  version "5.0.1"
  resolved "https://registry.yarnpkg.com/event-target-shim/-/event-target-shim-5.0.1.tgz#5d4d3ebdf9583d63a5333ce2deb7480ab2b05789"
  integrity sha512-i/2XbnSz/uxRCU6+NdVJgKWDTM427+MqYbkQzD321DuCQJUqOuJKIA0IM2+W2xtYHdKOmZ4dR6fExsd4SXL+WQ==

events@^3.3.0:
  version "3.3.0"
  resolved "https://registry.yarnpkg.com/events/-/events-3.3.0.tgz#31a95ad0a924e2d2c419a813aeb2c4e878ea7400"
  integrity sha512-mQw+2fkQbALzQ7V0MY0IqdnXNOeTtP4r0lN9z7AAawCXgqea7bDii20AYrIBrFd/Hx0M2Ocz6S111CaFkUcb0Q==

eventsource@^2.0.2:
  version "2.0.2"
  resolved "https://registry.yarnpkg.com/eventsource/-/eventsource-2.0.2.tgz#76dfcc02930fb2ff339520b6d290da573a9e8508"
  integrity sha512-IzUmBGPR3+oUG9dUeXynyNmf91/3zUSJg1lCktzKw47OXuhco54U3r9B7O4XX+Rb1Itm9OZ2b0RkTs10bICOxA==

external-editor@^3.1.0:
  version "3.1.0"
  resolved "https://registry.yarnpkg.com/external-editor/-/external-editor-3.1.0.tgz#cb03f740befae03ea4d283caed2741a83f335495"
  integrity sha512-hMQ4CX1p1izmuLYyZqLMO/qGNw10wSv9QDCPfzXfyFrOaCSSoRfqE1Kf1s5an66J5JZC62NewG+mK49jOCtQew==
  dependencies:
    chardet "^0.7.0"
    iconv-lite "^0.4.24"
    tmp "^0.0.33"

fluent-ffmpeg@^2.1.3:
  version "2.1.3"
  resolved "https://registry.yarnpkg.com/fluent-ffmpeg/-/fluent-ffmpeg-2.1.3.tgz#d6846be257777844249a4adeb320f25326d239f3"
  integrity sha512-Be3narBNt2s6bsaqP6Jzq91heDgOEaDCJAXcE3qcma/EJBSy5FB4cvO31XBInuAuKBx8Kptf8dkhjK0IOru39Q==
  dependencies:
    async "^0.2.9"
    which "^1.1.1"

follow-redirects@^1.15.6:
  version "1.15.9"
  resolved "https://registry.yarnpkg.com/follow-redirects/-/follow-redirects-1.15.9.tgz#a604fa10e443bf98ca94228d9eebcc2e8a2c8ee1"
  integrity sha512-gew4GsXizNgdoRyqmyfMHyAmXsZDk6mHkSxZFCzW9gwlbtOW44CDtYavM+y+72qD/Vq2l550kMF52DT8fOLJqQ==

form-data-encoder@1.7.2:
  version "1.7.2"
  resolved "https://registry.yarnpkg.com/form-data-encoder/-/form-data-encoder-1.7.2.tgz#1f1ae3dccf58ed4690b86d87e4f57c654fbab040"
  integrity sha512-qfqtYan3rxrnCk1VYaA4H+Ms9xdpPqvLZa6xmMgFvhO32x7/3J/ExcTd6qpxM0vH2GdMI+poehyBZvqfMTto8A==

form-data@^4.0.0:
  version "4.0.1"
  resolved "https://registry.yarnpkg.com/form-data/-/form-data-4.0.1.tgz#ba1076daaaa5bfd7e99c1a6cb02aa0a5cff90d48"
  integrity sha512-tzN8e4TX8+kkxGPK8D5u0FNmjPUjw3lwC9lSLxxoB/+GtsJG91CO8bSWy73APlgAZzZbXEYZJuxjkHH2w+Ezhw==
  dependencies:
    asynckit "^0.4.0"
    combined-stream "^1.0.8"
    mime-types "^2.1.12"

formdata-node@^4.3.2:
  version "4.4.1"
  resolved "https://registry.yarnpkg.com/formdata-node/-/formdata-node-4.4.1.tgz#23f6a5cb9cb55315912cbec4ff7b0f59bbd191e2"
  integrity sha512-0iirZp3uVDjVGt9p49aTaqjk84TrglENEDuqfdlZQ1roC9CWlPk6Avf8EEnZNcAqPonwkG35x4n3ww/1THYAeQ==
  dependencies:
    node-domexception "1.0.0"
    web-streams-polyfill "4.0.0-beta.3"

graphai@^0.5.9:
  version "0.5.10"
  resolved "https://registry.yarnpkg.com/graphai/-/graphai-0.5.10.tgz#e3d9f7c43062b4c81359cb8c2497a4e122c166c1"
  integrity sha512-dmBP+RbBj5r9IvVgf2e2xKaZyW7Rg+DL+48ty2fPyOb0S1mrFGHg6RkgdM9fLVGaxAfm/my5JSaNLjP7/mEksg==

graphql-request@^6.1.0:
  version "6.1.0"
  resolved "https://registry.yarnpkg.com/graphql-request/-/graphql-request-6.1.0.tgz#f4eb2107967af3c7a5907eb3131c671eac89be4f"
  integrity sha512-p+XPfS4q7aIpKVcgmnZKhMNqhltk20hfXtkaIkTfjjmiKMJ5xrt5c743cL03y/K7y1rg3WrIC49xGiEQ4mxdNw==
  dependencies:
    "@graphql-typed-document-node/core" "^3.2.0"
    cross-fetch "^3.1.5"

graphql@^16.8.1:
  version "16.9.0"
  resolved "https://registry.yarnpkg.com/graphql/-/graphql-16.9.0.tgz#1c310e63f16a49ce1fbb230bd0a000e99f6f115f"
  integrity sha512-GGTKBX4SD7Wdb8mqeDLni2oaRGYQWjWHGKPQ24ZMnUtKfcsVoiv4uX8+LJr1K6U5VW2Lu1BwJnj7uiori0YtRw==

groq-sdk@^0.5.0:
  version "0.5.0"
  resolved "https://registry.yarnpkg.com/groq-sdk/-/groq-sdk-0.5.0.tgz#8eefea81c3709e815c96dffa941200e85a50cf19"
  integrity sha512-RVmhW7qZ+XZoy5fIuSdx/LGQJONpL8MHgZEW7dFwTdgkzStub2XQx6OKv28CHogijdwH41J+Npj/z2jBPu3vmw==
  dependencies:
    "@types/node" "^18.11.18"
    "@types/node-fetch" "^2.6.4"
    abort-controller "^3.0.0"
    agentkeepalive "^4.2.1"
    form-data-encoder "1.7.2"
    formdata-node "^4.3.2"
    node-fetch "^2.6.7"
    web-streams-polyfill "^3.2.1"

groq-sdk@^0.7.0:
  version "0.7.0"
  resolved "https://registry.yarnpkg.com/groq-sdk/-/groq-sdk-0.7.0.tgz#30ac2fa5073f9368e22c78309e5b6154741788eb"
  integrity sha512-OgPqrRtti5MjEVclR8sgBHrhSkTLdFCmi47yrEF29uJZaiCkX3s7bXpnMhq8Lwoe1f4AwgC0qGOeHXpeSgu5lg==
  dependencies:
    "@types/node" "^18.11.18"
    "@types/node-fetch" "^2.6.4"
    abort-controller "^3.0.0"
    agentkeepalive "^4.2.1"
    form-data-encoder "1.7.2"
    formdata-node "^4.3.2"
    node-fetch "^2.6.7"

humanize-ms@^1.2.1:
  version "1.2.1"
  resolved "https://registry.yarnpkg.com/humanize-ms/-/humanize-ms-1.2.1.tgz#c46e3159a293f6b896da29316d8b6fe8bb79bbed"
  integrity sha512-Fl70vYtsAFb/C06PTS9dZBo7ihau+Tu/DNCk/OyHhea07S+aeMWpFFkUaXRa8fI+ScZbEI8dfSxwY7gxZ9SAVQ==
  dependencies:
    ms "^2.0.0"

iconv-lite@^0.4.24:
  version "0.4.24"
  resolved "https://registry.yarnpkg.com/iconv-lite/-/iconv-lite-0.4.24.tgz#2022b4b25fbddc21d2f524974a474aafe733908b"
  integrity sha512-v3MXnZAcvnywkTUEZomIActle7RXXeedOR31wwl7VlyoXO4Qi9arvSenNQWne1TcRwhCL1HwLI21bEqdpj8/rA==
  dependencies:
    safer-buffer ">= 2.1.2 < 3"

ieee754@^1.2.1:
  version "1.2.1"
  resolved "https://registry.yarnpkg.com/ieee754/-/ieee754-1.2.1.tgz#8eb7a10a63fff25d15a57b001586d177d1b0d352"
  integrity sha512-dcyqhDvX1C46lXZcVqCpK+FtMRQVdIMN6/Df5js2zouUsqG7I6sFxitIC+7KYK29KdXOLHdu9zL4sFnoVQnqaA==

infobox-parser@^3.6.2:
  version "3.6.4"
  resolved "https://registry.yarnpkg.com/infobox-parser/-/infobox-parser-3.6.4.tgz#6693d78af81454aa8f474f841e397cda11d5d90d"
  integrity sha512-d2lTlxKZX7WsYxk9/UPt51nkmZv5tbC75SSw4hfHqZ3LpRAn6ug0oru9xI2X+S78va3aUAze3xl/UqMuwLmJUw==
  dependencies:
    camelcase "^4.1.0"

is-fullwidth-code-point@^3.0.0:
  version "3.0.0"
  resolved "https://registry.yarnpkg.com/is-fullwidth-code-point/-/is-fullwidth-code-point-3.0.0.tgz#f116f8064fe90b3f7844a38997c0b75051269f1d"
  integrity sha512-zymm5+u+sCsSWyD9qNaejV3DFvhCKclKdizYaJUuHA83RLjb7nSuGnddCHGv0hk+KY7BMAlsWeK4Ueg6EV6XQg==

isexe@^2.0.0:
  version "2.0.0"
  resolved "https://registry.yarnpkg.com/isexe/-/isexe-2.0.0.tgz#e8fbf374dc556ff8947a10dcb0572d633f2cfa10"
  integrity sha512-RHxMLp9lnKHGHRng9QFhRCMbYAcVpn69smSGcq3f36xjgVVWThj4qqLbTLlq7Ssj8B+fIQ1EuCEGI2lKsyQeIw==

mime-db@1.52.0:
  version "1.52.0"
  resolved "https://registry.yarnpkg.com/mime-db/-/mime-db-1.52.0.tgz#bbabcdc02859f4987301c856e3387ce5ec43bf70"
  integrity sha512-sPU4uV7dYlvtWJxwwxHD0PuihVNiE7TyAbQ5SWxDCB9mUYvOgroQOwYQQOKPJ8CIbE+1ETVlOoK1UC2nU3gYvg==

mime-types@^2.1.12:
  version "2.1.35"
  resolved "https://registry.yarnpkg.com/mime-types/-/mime-types-2.1.35.tgz#381a871b62a734450660ae3deee44813f70d959a"
  integrity sha512-ZDY+bPm5zTTF+YpCrAU9nK0UgICYPT0QtT1NZWFv4s++TNkcgVaT0g6+4R2uI4MjQjzysHB1zxuWL50hzaeXiw==
  dependencies:
    mime-db "1.52.0"

ms@^2.0.0:
  version "2.1.3"
  resolved "https://registry.yarnpkg.com/ms/-/ms-2.1.3.tgz#574c8138ce1d2b5861f0b44579dbadd60c6615b2"
  integrity sha512-6FlzubTLZG3J2a/NVCAleEhjzq5oxgHyaCU9yYXvcLsvoVaHJq/s5xXI6/XXP6tz7R9xAOtHnSO/tXtF3WRTlA==

mute-stream@^1.0.0:
  version "1.0.0"
  resolved "https://registry.yarnpkg.com/mute-stream/-/mute-stream-1.0.0.tgz#e31bd9fe62f0aed23520aa4324ea6671531e013e"
  integrity sha512-avsJQhyd+680gKXyG/sQc0nXaC6rBkPOfyHYcFb9+hdkqQkR9bdnkJ0AMZhke0oesPqIO+mFFJ+IdBc7mst4IA==

node-domexception@1.0.0:
  version "1.0.0"
  resolved "https://registry.yarnpkg.com/node-domexception/-/node-domexception-1.0.0.tgz#6888db46a1f71c0b76b3f7555016b63fe64766e5"
  integrity sha512-/jKZoMpw0F8GRwl4/eLROPA3cfcXtLApP0QzLmUT/HuPCZWyB7IY9ZrMeKw2O/nFIqPQB3PVM9aYm0F312AXDQ==

node-fetch@^2.6.12, node-fetch@^2.6.7:
  version "2.7.0"
  resolved "https://registry.yarnpkg.com/node-fetch/-/node-fetch-2.7.0.tgz#d0f0fa6e3e2dc1d27efcd8ad99d550bda94d187d"
  integrity sha512-c4FRfUm/dbcWZ7U+1Wq0AwCyFL+3nt2bEw05wfxSz+DWpWsitgmSgYmy2dQdWyKC1694ELPqMs/YzUSNozLt8A==
  dependencies:
    whatwg-url "^5.0.0"

openai@^4.53.0, openai@^4.61.0, openai@^4.67.3:
  version "4.67.3"
  resolved "https://registry.yarnpkg.com/openai/-/openai-4.67.3.tgz#a7c1b59cb9eca064f3ff3d439b7bf51487d88a49"
  integrity sha512-HT2tZgjLgRqbLQNKmYtjdF/4TQuiBvg1oGvTDhwpSEQzxo6/oM1us8VQ53vBK2BiKvCxFuq6gKGG70qfwrNhKg==
  dependencies:
    "@types/node" "^18.11.18"
    "@types/node-fetch" "^2.6.4"
    abort-controller "^3.0.0"
    agentkeepalive "^4.2.1"
    form-data-encoder "1.7.2"
    formdata-node "^4.3.2"
    node-fetch "^2.6.7"

os-tmpdir@~1.0.2:
  version "1.0.2"
  resolved "https://registry.yarnpkg.com/os-tmpdir/-/os-tmpdir-1.0.2.tgz#bbe67406c79aa85c5cfec766fe5734555dfa1274"
  integrity sha512-D2FR03Vir7FIu45XBY20mTb+/ZSWB00sjU9jdQXt83gDrI4Ztz5Fs7/yy74g2N5SVQY4xY1qDr4rNddwYRVX0g==

prettier@^3.3.3:
  version "3.3.3"
  resolved "https://registry.yarnpkg.com/prettier/-/prettier-3.3.3.tgz#30c54fe0be0d8d12e6ae61dbb10109ea00d53105"
  integrity sha512-i2tDNA0O5IrMO757lfrdQZCc2jPNDVntV0m/+4whiDfWaTKfMNgR7Qz0NAeGz/nRqF4m5/6CLzbP4/liHt12Ew==

process@^0.11.10:
  version "0.11.10"
  resolved "https://registry.yarnpkg.com/process/-/process-0.11.10.tgz#7332300e840161bda3e69a1d1d91a7d4bc16f182"
  integrity sha512-cdGef/drWFoydD1JsMzuFf8100nZl+GT+yacc2bEced5f9Rjk4z+WtFUTBu9PhOi9j/jfmBPu0mMEY4wIdAF8A==

proxy-from-env@^1.1.0:
  version "1.1.0"
  resolved "https://registry.yarnpkg.com/proxy-from-env/-/proxy-from-env-1.1.0.tgz#e102f16ca355424865755d2c9e8ea4f24d58c3e2"
  integrity sha512-D+zkORCbA9f1tdWRK0RaCR3GPv50cMxcrz4X8k5LTSUD1Dkw47mKJEZQNunItRTkWwgtaUSo1RVFRIG9ZXiFYg==

readable-stream@>=4.0.0:
  version "4.5.2"
  resolved "https://registry.yarnpkg.com/readable-stream/-/readable-stream-4.5.2.tgz#9e7fc4c45099baeed934bff6eb97ba6cf2729e09"
  integrity sha512-yjavECdqeZ3GLXNgRXgeQEdz9fvDDkNKyHnbHRFtOr7/LcfgBcmct7t/ET+HaCTqfh06OzoAxrkN/IfjJBVe+g==
  dependencies:
    abort-controller "^3.0.0"
    buffer "^6.0.3"
    events "^3.3.0"
    process "^0.11.10"
    string_decoder "^1.3.0"

replicate@^0.31.1:
  version "0.31.1"
  resolved "https://registry.yarnpkg.com/replicate/-/replicate-0.31.1.tgz#83e2b809dd093a72a629a4063bebd670d068e7cd"
  integrity sha512-klO76pTPzzS9Xri6bWtAp5mNjgcvyvqpVHibhTyrx4pAK7rvXal8rNGspURGCwp8ToxDQNYGEV7l+3d+xiFiwQ==
  optionalDependencies:
    readable-stream ">=4.0.0"

replicate@^0.32.1:
  version "0.32.1"
  resolved "https://registry.yarnpkg.com/replicate/-/replicate-0.32.1.tgz#e582bc659d83262d10037da8f02d505c4943fb84"
  integrity sha512-OmzyDVx3P9FXVXcFrzWft8XW8LjyGo65qRCwUPJwbjBZS4Z89pQFX+ZUfYlHwcfIHGtP4/Pf0uis+XJiznKacQ==
  optionalDependencies:
    readable-stream ">=4.0.0"

safe-buffer@~5.2.0:
  version "5.2.1"
  resolved "https://registry.yarnpkg.com/safe-buffer/-/safe-buffer-5.2.1.tgz#1eaf9fa9bdb1fdd4ec75f58f9cdb4e6b7827eec6"
  integrity sha512-rp3So07KcdmmKbGvgaNxQSJr7bGVSVk5S9Eq1F+ppbRo70+YeaDxkw5Dd8NPN+GD6bjnYm2VuPuCXmpuYvmCXQ==

"safer-buffer@>= 2.1.2 < 3":
  version "2.1.2"
  resolved "https://registry.yarnpkg.com/safer-buffer/-/safer-buffer-2.1.2.tgz#44fa161b0187b9549dd84bb91802f9bd8385cd6a"
  integrity sha512-YZo3K82SD7Riyi0E1EQPojLz7kpepnSQI9IyPbHHg1XXXevb5dJI7tpyN2ADxGcQbHG7vcyRHk0cbwqcQriUtg==

sax@>=0.6.0:
  version "1.4.1"
  resolved "https://registry.yarnpkg.com/sax/-/sax-1.4.1.tgz#44cc8988377f126304d3b3fc1010c733b929ef0f"
  integrity sha512-+aWOz7yVScEGoKNd4PA10LZ8sk0A/z5+nXQG5giUO5rprX9jgYsTdov9qCchZiPIZezbZH+jRut8nPodFAX4Jg==

signal-exit@^4.1.0:
  version "4.1.0"
  resolved "https://registry.yarnpkg.com/signal-exit/-/signal-exit-4.1.0.tgz#952188c1cbd546070e2dd20d0f41c0ae0530cb04"
  integrity sha512-bzyZ1e88w9O1iNJbKnOlvYTrWPDl46O1bG0D3XInv+9tkPrxrN8jUUTiFlDkkmKWgn1M6CfIA13SuGqOa9Korw==

slashgpt@^0.1.4:
  version "0.1.5"
  resolved "https://registry.yarnpkg.com/slashgpt/-/slashgpt-0.1.5.tgz#033ceea70de26021dfece1dbb46e31e90fe7fefb"
  integrity sha512-8sAZtIGmnFdJTcLOjbF8HVreQ8yfwwfhO5kDY6kH8dHIb1t/5qMyO3RBDcslHMdfPEgjnX0Sz3AGG2GrSEYDHA==
  dependencies:
    "@anthropic-ai/sdk" "^0.24.3"
    "@huggingface/inference" "^2.7.0"
    eventsource "^2.0.2"
    graphql "^16.8.1"
    graphql-request "^6.1.0"
    groq-sdk "^0.5.0"
    openai "^4.53.0"
    replicate "^0.31.1"
    yaml "^2.4.5"

string-width@^4.1.0:
  version "4.2.3"
  resolved "https://registry.yarnpkg.com/string-width/-/string-width-4.2.3.tgz#269c7117d27b05ad2e536830a8ec895ef9c6d010"
  integrity sha512-wKyQRQpjJ0sIp62ErSZdGsjMJWsap5oRNihHhu6G7JVO/9jIB6UyevL+tXuOqrng8j/cxKTWyWUwvSTriiZz/g==
  dependencies:
    emoji-regex "^8.0.0"
    is-fullwidth-code-point "^3.0.0"
    strip-ansi "^6.0.1"

string_decoder@^1.3.0:
  version "1.3.0"
  resolved "https://registry.yarnpkg.com/string_decoder/-/string_decoder-1.3.0.tgz#42f114594a46cf1a8e30b0a84f56c78c3edac21e"
  integrity sha512-hkRX8U1WjJFd8LsDJ2yQ/wWWxaopEsABU1XfkM8A+j0+85JAGppt16cr1Whg6KIbb4okU6Mql6BOj+uup/wKeA==
  dependencies:
    safe-buffer "~5.2.0"

strip-ansi@^6.0.0, strip-ansi@^6.0.1:
  version "6.0.1"
  resolved "https://registry.yarnpkg.com/strip-ansi/-/strip-ansi-6.0.1.tgz#9e26c63d30f53443e9489495b2105d37b67a85d9"
  integrity sha512-Y38VPSHcqkFrCpFnQ9vuSXmquuv5oXOKpGeT6aGrr3o3Gc9AlVa6JBfUSOCnbxGGZF+/0ooI7KrPuUSztUdU5A==
  dependencies:
    ansi-regex "^5.0.1"

tiktoken@^1.0.16:
  version "1.0.17"
  resolved "https://registry.yarnpkg.com/tiktoken/-/tiktoken-1.0.17.tgz#53b9b38b8b1a9c6996cded21f6ef0ff473fae265"
  integrity sha512-UuFHqpy/DxOfNiC3otsqbx3oS6jr5uKdQhB/CvDEroZQbVHt+qAK+4JbIooabUWKU9g6PpsFylNu9Wcg4MxSGA==

tmp@^0.0.33:
  version "0.0.33"
  resolved "https://registry.yarnpkg.com/tmp/-/tmp-0.0.33.tgz#6d34335889768d21b2bcda0aa277ced3b1bfadf9"
  integrity sha512-jRCJlojKnZ3addtTOjdIqoRuPEKBvNXcGYqzO6zWZX8KfKEpnGY5jfggJQ3EjKuu8D4bJRr0y+cYJFmYbImXGw==
  dependencies:
    os-tmpdir "~1.0.2"

tr46@~0.0.3:
  version "0.0.3"
  resolved "https://registry.yarnpkg.com/tr46/-/tr46-0.0.3.tgz#8184fd347dac9cdc185992f3a6622e14b9d9ab6a"
  integrity sha512-N3WMsuqV66lT30CrXNbEjx4GEwlow3v6rr4mCcv6prnfwhS01rkgyFdjPNBYd9br7LpXV1+Emh01fHnq2Gdgrw==

type-fest@^0.21.3:
  version "0.21.3"
  resolved "https://registry.yarnpkg.com/type-fest/-/type-fest-0.21.3.tgz#d260a24b0198436e133fa26a524a6d65fa3b2e37"
  integrity sha512-t0rzBq87m3fVcduHDUFhKmyyX+9eo6WQjZvf51Ea/M0Q7+T374Jp1aUiyUl0GKxp8M/OETVHSDvmkyPgvX+X2w==

undici-types@~5.26.4:
  version "5.26.5"
  resolved "https://registry.yarnpkg.com/undici-types/-/undici-types-5.26.5.tgz#bcd539893d00b56e964fd2657a4866b221a65617"
  integrity sha512-JlCMO+ehdEIKqlFxk6IfVoAUVmgz7cU7zD/h9XZ0qzeosSHmUJVOzSQvvYSYWXkFXC+IfLKSIffhv0sVZup6pA==

undici-types@~6.19.2:
  version "6.19.8"
  resolved "https://registry.yarnpkg.com/undici-types/-/undici-types-6.19.8.tgz#35111c9d1437ab83a7cdc0abae2f26d88eda0a02"
  integrity sha512-ve2KP6f/JnbPBFyobGHuerC9g1FYGn/F8n1LWTwNxCEzd6IfqTwUQcNXgEtmmQ6DlRrC1hrSrBnCZPokRrDHjw==

web-streams-polyfill@4.0.0-beta.3:
  version "4.0.0-beta.3"
  resolved "https://registry.yarnpkg.com/web-streams-polyfill/-/web-streams-polyfill-4.0.0-beta.3.tgz#2898486b74f5156095e473efe989dcf185047a38"
  integrity sha512-QW95TCTaHmsYfHDybGMwO5IJIM93I/6vTRk+daHTWFPhwh+C8Cg7j7XyKrwrj8Ib6vYXe0ocYNrmzY4xAAN6ug==

web-streams-polyfill@^3.2.1:
  version "3.3.3"
  resolved "https://registry.yarnpkg.com/web-streams-polyfill/-/web-streams-polyfill-3.3.3.tgz#2073b91a2fdb1fbfbd401e7de0ac9f8214cecb4b"
  integrity sha512-d2JWLCivmZYTSIoge9MsgFCZrt571BikcWGYkjC1khllbTeDlGqZ2D8vD8E/lJa8WGWbb7Plm8/XJYV7IJHZZw==

webidl-conversions@^3.0.0:
  version "3.0.1"
  resolved "https://registry.yarnpkg.com/webidl-conversions/-/webidl-conversions-3.0.1.tgz#24534275e2a7bc6be7bc86611cc16ae0a5654871"
  integrity sha512-2JAn3z8AR6rjK8Sm8orRC0h/bcl/DqL7tRPdGZ4I1CjdF+EaMLmYxBHyXuKL849eucPFhvBoxMsflfOb8kxaeQ==

whatwg-url@^5.0.0:
  version "5.0.0"
  resolved "https://registry.yarnpkg.com/whatwg-url/-/whatwg-url-5.0.0.tgz#966454e8765462e37644d3626f6742ce8b70965d"
  integrity sha512-saE57nupxk6v3HY35+jzBwYa0rKSy0XR8JSxZPwgLr7ys0IBzhGviA1/TUGJLmSVqs8pb9AnvICXEuOHLprYTw==
  dependencies:
    tr46 "~0.0.3"
    webidl-conversions "^3.0.0"

which@^1.1.1:
  version "1.3.1"
  resolved "https://registry.yarnpkg.com/which/-/which-1.3.1.tgz#a45043d54f5805316da8d62f9f50918d3da70b0a"
  integrity sha512-HxJdYWq1MTIQbJ3nw0cqssHoTNU267KlrDuGZ1WYlxDStUtKUhOaJmh112/TZmHxxUfuJqPXSOm7tDyas0OSIQ==
  dependencies:
    isexe "^2.0.0"

wikipedia@^2.1.2:
  version "2.1.2"
  resolved "https://registry.yarnpkg.com/wikipedia/-/wikipedia-2.1.2.tgz#dc870a4bb724ea8d968b164ed9acc7de6ed6d8b7"
  integrity sha512-RAYaMpXC9/E873RaSEtlEa8dXK4e0p5k98GKOd210MtkE5emm6fcnwD+N6ZA4cuffjDWagvhaQKtp/mGp2BOVQ==
  dependencies:
    axios "^1.4.0"
    infobox-parser "^3.6.2"

wrap-ansi@^6.2.0:
  version "6.2.0"
  resolved "https://registry.yarnpkg.com/wrap-ansi/-/wrap-ansi-6.2.0.tgz#e9393ba07102e6c91a3b221478f0257cd2856e53"
  integrity sha512-r6lPcBGxZXlIcymEu7InxDMhdW0KDxpLgoFLcguasxCaJ/SOIZwINatK9KY/tf+ZrlywOKU0UDj3ATXUBfxJXA==
  dependencies:
    ansi-styles "^4.0.0"
    string-width "^4.1.0"
    strip-ansi "^6.0.0"

xml2js@^0.6.2:
  version "0.6.2"
  resolved "https://registry.yarnpkg.com/xml2js/-/xml2js-0.6.2.tgz#dd0b630083aa09c161e25a4d0901e2b2a929b499"
  integrity sha512-T4rieHaC1EXcES0Kxxj4JWgaUQHDk+qwHcYOCFHfiwKz7tOVPLq7Hjq9dM1WCMhylqMEfP7hMcOIChvotiZegA==
  dependencies:
    sax ">=0.6.0"
    xmlbuilder "~11.0.0"

xmlbuilder@~11.0.0:
  version "11.0.1"
  resolved "https://registry.yarnpkg.com/xmlbuilder/-/xmlbuilder-11.0.1.tgz#be9bae1c8a046e76b31127726347d0ad7002beb3"
  integrity sha512-fDlsI/kFEx7gLvbecc0/ohLG50fugQp8ryHzMTuW9vSa1GJ0XYWKnhsUx7oie3G98+r56aTQIUB4kht42R3JvA==

yaml@^2.4.5:
  version "2.6.0"
  resolved "https://registry.yarnpkg.com/yaml/-/yaml-2.6.0.tgz#14059ad9d0b1680d0f04d3a60fe00f3a857303c3"
  integrity sha512-a6ae//JvKDEra2kdi1qzCyrJW/WZCgFi8ydDV+eXExl95t+5R+ijnqHJbz9tmMh8FUjx3iv2fCQ4dclAQlO2UQ==

yoctocolors-cjs@^2.1.2:
  version "2.1.2"
  resolved "https://registry.yarnpkg.com/yoctocolors-cjs/-/yoctocolors-cjs-2.1.2.tgz#f4b905a840a37506813a7acaa28febe97767a242"
  integrity sha512-cYVsTjKl8b+FrnidjibDWskAv7UKOfcwaVZdp/it9n1s9fU3IkgDbhdIRKCW4JDsAlECJY0ytoVPT3sK6kideA==
